
Microsoft Visual Studio Solution File, Format Version 12.00
# Visual Studio 15
VisualStudioVersion = 15.0.28307.421
MinimumVisualStudioVersion = 10.0.40219.1
Project("{9A19103F-16F7-4668-BE54-9A1E7A4F7556}") = "LinqToRest", "LinqToRest\LinqToRest.csproj", "{5915C594-7C00-457F-92DC-13FACBF84CB5}"
EndProject
Project("{9A19103F-16F7-4668-BE54-9A1E7A4F7556}") = "LinqToRest.Test", "LinqToRest.Test\LinqToRest.Test.csproj", "{0703249E-8D9A-408E-9038-E92D22EB9344}"
EndProject
Project("{2150E333-8FDC-42A3-9474-1A3956D46DE8}") = "Solution Items", "Solution Items", "{FC351A72-A651-4925-A5D6-0600A6ABC7BB}"
	ProjectSection(SolutionItems) = preProject
		.gitignore = .gitignore
		changelog.md = changelog.md
		license_apache.txt = license_apache.txt
		license_mit.txt = license_mit.txt
		readme.md = readme.md
	EndProjectSection
EndProject
Project("{2150E333-8FDC-42A3-9474-1A3956D46DE8}") = "Build Config", "Build Config", "{06A38068-C681-4612-BC58-DFC5D81720BD}"
				ProjectSection(SolutionItems) = preProject
								global.json = global.json
								Packages.props = Packages.props
				EndProjectSection
EndProject
Global
	GlobalSection(SolutionConfigurationPlatforms) = preSolution
		Debug|Any CPU = Debug|Any CPU
		Release|Any CPU = Release|Any CPU
	EndGlobalSection
	GlobalSection(ProjectConfigurationPlatforms) = postSolution
		{5915C594-7C00-457F-92DC-13FACBF84CB5}.Debug|Any CPU.ActiveCfg = Debug|Any CPU
		{5915C594-7C00-457F-92DC-13FACBF84CB5}.Debug|Any CPU.Build.0 = Debug|Any CPU
		{5915C594-7C00-457F-92DC-13FACBF84CB5}.Release|Any CPU.ActiveCfg = Release|Any CPU
		{5915C594-7C00-457F-92DC-13FACBF84CB5}.Release|Any CPU.Build.0 = Release|Any CPU
		{0703249E-8D9A-408E-9038-E92D22EB9344}.Debug|Any CPU.ActiveCfg = Debug|Any CPU
		{0703249E-8D9A-408E-9038-E92D22EB9344}.Debug|Any CPU.Build.0 = Debug|Any CPU
		{0703249E-8D9A-408E-9038-E92D22EB9344}.Release|Any CPU.ActiveCfg = Release|Any CPU
		{0703249E-8D9A-408E-9038-E92D22EB9344}.Release|Any CPU.Build.0 = Release|Any CPU
	EndGlobalSection
	GlobalSection(SolutionProperties) = preSolution
		HideSolutionNode = FALSE
	EndGlobalSection
	GlobalSection(ExtensibilityGlobals) = postSolution
		SolutionGuid = {4C770FA8-8ACE-4CB3-A4BA-0CF9669EAD9D}
	EndGlobalSection
EndGlobal
